
Microsoft Visual Studio Solution File, Format Version 12.00
# Visual Studio Version 17
VisualStudioVersion = 17.0.31903.59
MinimumVisualStudioVersion = 10.0.40219.1
Project("{FAE04EC0-301F-11D3-BF4B-00C04F79EFBC}") = "TodoApi", "TodoApi.csproj", "{CC111571-6619-4525-96C6-798C9B89F12E}"
EndProject
Project("{FAE04EC0-301F-11D3-BF4B-00C04F79EFBC}") = "TodoApi.Tests", "TodoApi.Tests\TodoApi.Tests.csproj", "{548ED7F5-B73F-4535-83A8-4D13DA796B4E}"
EndProject
Global
	GlobalSection(SolutionConfigurationPlatforms) = preSolution
		Debug|Any CPU = Debug|Any CPU
		Release|Any CPU = Release|Any CPU
	EndGlobalSection
	GlobalSection(SolutionProperties) = preSolution
		HideSolutionNode = FALSE
	EndGlobalSection
	GlobalSection(ProjectConfigurationPlatforms) = postSolution
		{CC111571-6619-4525-96C6-798C9B89F12E}.Debug|Any CPU.ActiveCfg = Debug|Any CPU
		{CC111571-6619-4525-96C6-798C9B89F12E}.Debug|Any CPU.Build.0 = Debug|Any CPU
		{CC111571-6619-4525-96C6-798C9B89F12E}.Release|Any CPU.ActiveCfg = Release|Any CPU
		{CC111571-6619-4525-96C6-798C9B89F12E}.Release|Any CPU.Build.0 = Release|Any CPU
		{548ED7F5-B73F-4535-83A8-4D13DA796B4E}.Debug|Any CPU.ActiveCfg = Debug|Any CPU
		{548ED7F5-B73F-4535-83A8-4D13DA796B4E}.Debug|Any CPU.Build.0 = Debug|Any CPU
		{548ED7F5-B73F-4535-83A8-4D13DA796B4E}.Release|Any CPU.ActiveCfg = Release|Any CPU
		{548ED7F5-B73F-4535-83A8-4D13DA796B4E}.Release|Any CPU.Build.0 = Release|Any CPU
	EndGlobalSection
EndGlobal
